
Microsoft Visual Studio Solution File, Format Version 12.00
Project("{FAE04EC0-301F-11D3-BF4B-00C04F79EFBC}") = "Chapter2", "Chapter2.csproj", "{71562795-1023-4377-9E81-49653BE6E86D}"
EndProject
Global
	GlobalSection(SolutionConfigurationPlatforms) = preSolution
		Debug|Any CPU = Debug|Any CPU
		Release|Any CPU = Release|Any CPU
	EndGlobalSection
	GlobalSection(ProjectConfigurationPlatforms) = postSolution
		{71562795-1023-4377-9E81-49653BE6E86D}.Debug|Any CPU.ActiveCfg = Debug|Any CPU
		{71562795-1023-4377-9E81-49653BE6E86D}.Debug|Any CPU.Build.0 = Debug|Any CPU
		{71562795-1023-4377-9E81-49653BE6E86D}.Release|Any CPU.ActiveCfg = Release|Any CPU
		{71562795-1023-4377-9E81-49653BE6E86D}.Release|Any CPU.Build.0 = Release|Any CPU
	EndGlobalSection
EndGlobal
