
Microsoft Visual Studio Solution File, Format Version 12.00
Project("{FAE04EC0-301F-11D3-BF4B-00C04F79EFBC}") = "Chapter4", "Chapter4.csproj", "{BE353086-9CF8-486F-B94D-7C7677932731}"
EndProject
Global
	GlobalSection(SolutionConfigurationPlatforms) = preSolution
		Debug|Any CPU = Debug|Any CPU
		Release|Any CPU = Release|Any CPU
	EndGlobalSection
	GlobalSection(ProjectConfigurationPlatforms) = postSolution
		{BE353086-9CF8-486F-B94D-7C7677932731}.Debug|Any CPU.ActiveCfg = Debug|Any CPU
		{BE353086-9CF8-486F-B94D-7C7677932731}.Debug|Any CPU.Build.0 = Debug|Any CPU
		{BE353086-9CF8-486F-B94D-7C7677932731}.Release|Any CPU.ActiveCfg = Release|Any CPU
		{BE353086-9CF8-486F-B94D-7C7677932731}.Release|Any CPU.Build.0 = Release|Any CPU
	EndGlobalSection
EndGlobal
